
Microsoft Visual Studio Solution File, Format Version 12.00
# Visual Studio Version 17
VisualStudioVersion = 17.4.33403.182
MinimumVisualStudioVersion = 10.0.40219.1
Project("{2150E333-8FDC-42A3-9474-1A3956D46DE8}") = "Domain", "Domain", "{2921B80E-5C37-498C-B24E-B58A50D45588}"
EndProject
Project("{2150E333-8FDC-42A3-9474-1A3956D46DE8}") = "Infra.Bus", "Infra.Bus", "{4E991683-B3D0-48CF-8E61-330BFCCE7D38}"
EndProject
Project("{2150E333-8FDC-42A3-9474-1A3956D46DE8}") = "Infra.IOC", "Infra.IOC", "{A6970C05-517B-40A7-8EAE-5B0C95B3CE37}"
EndProject
Project("{2150E333-8FDC-42A3-9474-1A3956D46DE8}") = "Presentation", "Presentation", "{ABB606D7-B796-477E-A906-3A68CE06A64B}"
EndProject
Project("{2150E333-8FDC-42A3-9474-1A3956D46DE8}") = "Services", "Services", "{0B4C31BB-D5CB-40F7-92E1-CEF38962A1A3}"
EndProject
Project("{9A19103F-16F7-4668-BE54-9A1E7A4F7556}") = "Rabbitmq.Microservices.Domain.Core", "Rabbitmq.Microservices.Domain.Core\Rabbitmq.Microservices.Domain.Core.csproj", "{68203213-32F5-4A42-BDEB-2B55C6DE1EA7}"
EndProject
Project("{9A19103F-16F7-4668-BE54-9A1E7A4F7556}") = "Rabbitmq.Microservices.Infra.Bus", "Rabbitmq.Microservices.Infra.Bus\Rabbitmq.Microservices.Infra.Bus.csproj", "{D1AC3B62-2D94-42BC-BEC1-6AA2E3228292}"
EndProject
Project("{FAE04EC0-301F-11D3-BF4B-00C04F79EFBC}") = "Rabbitmq.Microservices.Infra.IOC", "Rabbitmq.Microservices.Infra.IOC\Rabbitmq.Microservices.Infra.IOC.csproj", "{EA89AA88-1996-4F71-A2C3-A22393CA838B}"
EndProject
Project("{2150E333-8FDC-42A3-9474-1A3956D46DE8}") = "Banking", "Banking", "{5325F471-06A6-4239-9669-2F4E249681BA}"
EndProject
Project("{2150E333-8FDC-42A3-9474-1A3956D46DE8}") = "Domain", "Domain", "{1CF0885A-F071-4C02-B7E8-BCA6A897526E}"
EndProject
Project("{2150E333-8FDC-42A3-9474-1A3956D46DE8}") = "Application", "Application", "{D8834DC4-7E4E-411C-8F54-B93A0633BE7C}"
EndProject
Project("{2150E333-8FDC-42A3-9474-1A3956D46DE8}") = "Api", "Api", "{1A38DE4F-CABE-4F0A-8157-A1BAA121D9FF}"
EndProject
Project("{2150E333-8FDC-42A3-9474-1A3956D46DE8}") = "Data", "Data", "{BD1A1D3C-234A-43CF-834B-C53E69C64F5E}"
EndProject
Project("{FAE04EC0-301F-11D3-BF4B-00C04F79EFBC}") = "Rabbitmq.Microservices.Banking.Api", "Rabbitmq.Microservices.Banking.Api\Rabbitmq.Microservices.Banking.Api.csproj", "{DE891BDA-4AAA-4155-B835-449E062E8053}"
EndProject
Project("{FAE04EC0-301F-11D3-BF4B-00C04F79EFBC}") = "Rabbitmq.Microservices.Banking.Application", "Rabbitmq.Microservices.Banking.Application\Rabbitmq.Microservices.Banking.Application.csproj", "{E65EED41-9A90-42A6-A763-0844BE1C4DF7}"
EndProject
Project("{FAE04EC0-301F-11D3-BF4B-00C04F79EFBC}") = "Rabbitmq.Microservices.Banking.Data", "Rabbitmq.Microservices.Banking.Data\Rabbitmq.Microservices.Banking.Data.csproj", "{4718AFF7-F92A-43BC-BF5E-852D6ED5069A}"
EndProject
Project("{FAE04EC0-301F-11D3-BF4B-00C04F79EFBC}") = "Rabbitmq.Microservices.Banking.Domain", "Rabbitmq.Microservices.Banking.Domain\Rabbitmq.Microservices.Banking.Domain.csproj", "{A0138D11-75E9-4C52-BA3A-6F8408FD8D2F}"
EndProject
Global
	GlobalSection(SolutionConfigurationPlatforms) = preSolution
		Debug|Any CPU = Debug|Any CPU
		Release|Any CPU = Release|Any CPU
	EndGlobalSection
	GlobalSection(ProjectConfigurationPlatforms) = postSolution
		{68203213-32F5-4A42-BDEB-2B55C6DE1EA7}.Debug|Any CPU.ActiveCfg = Debug|Any CPU
		{68203213-32F5-4A42-BDEB-2B55C6DE1EA7}.Debug|Any CPU.Build.0 = Debug|Any CPU
		{68203213-32F5-4A42-BDEB-2B55C6DE1EA7}.Release|Any CPU.ActiveCfg = Release|Any CPU
		{68203213-32F5-4A42-BDEB-2B55C6DE1EA7}.Release|Any CPU.Build.0 = Release|Any CPU
		{D1AC3B62-2D94-42BC-BEC1-6AA2E3228292}.Debug|Any CPU.ActiveCfg = Debug|Any CPU
		{D1AC3B62-2D94-42BC-BEC1-6AA2E3228292}.Debug|Any CPU.Build.0 = Debug|Any CPU
		{D1AC3B62-2D94-42BC-BEC1-6AA2E3228292}.Release|Any CPU.ActiveCfg = Release|Any CPU
		{D1AC3B62-2D94-42BC-BEC1-6AA2E3228292}.Release|Any CPU.Build.0 = Release|Any CPU
		{EA89AA88-1996-4F71-A2C3-A22393CA838B}.Debug|Any CPU.ActiveCfg = Debug|Any CPU
		{EA89AA88-1996-4F71-A2C3-A22393CA838B}.Debug|Any CPU.Build.0 = Debug|Any CPU
		{EA89AA88-1996-4F71-A2C3-A22393CA838B}.Release|Any CPU.ActiveCfg = Release|Any CPU
		{EA89AA88-1996-4F71-A2C3-A22393CA838B}.Release|Any CPU.Build.0 = Release|Any CPU
		{DE891BDA-4AAA-4155-B835-449E062E8053}.Debug|Any CPU.ActiveCfg = Debug|Any CPU
		{DE891BDA-4AAA-4155-B835-449E062E8053}.Debug|Any CPU.Build.0 = Debug|Any CPU
		{DE891BDA-4AAA-4155-B835-449E062E8053}.Release|Any CPU.ActiveCfg = Release|Any CPU
		{DE891BDA-4AAA-4155-B835-449E062E8053}.Release|Any CPU.Build.0 = Release|Any CPU
		{E65EED41-9A90-42A6-A763-0844BE1C4DF7}.Debug|Any CPU.ActiveCfg = Debug|Any CPU
		{E65EED41-9A90-42A6-A763-0844BE1C4DF7}.Debug|Any CPU.Build.0 = Debug|Any CPU
		{E65EED41-9A90-42A6-A763-0844BE1C4DF7}.Release|Any CPU.ActiveCfg = Release|Any CPU
		{E65EED41-9A90-42A6-A763-0844BE1C4DF7}.Release|Any CPU.Build.0 = Release|Any CPU
		{4718AFF7-F92A-43BC-BF5E-852D6ED5069A}.Debug|Any CPU.ActiveCfg = Debug|Any CPU
		{4718AFF7-F92A-43BC-BF5E-852D6ED5069A}.Debug|Any CPU.Build.0 = Debug|Any CPU
		{4718AFF7-F92A-43BC-BF5E-852D6ED5069A}.Release|Any CPU.ActiveCfg = Release|Any CPU
		{4718AFF7-F92A-43BC-BF5E-852D6ED5069A}.Release|Any CPU.Build.0 = Release|Any CPU
		{A0138D11-75E9-4C52-BA3A-6F8408FD8D2F}.Debug|Any CPU.ActiveCfg = Debug|Any CPU
		{A0138D11-75E9-4C52-BA3A-6F8408FD8D2F}.Debug|Any CPU.Build.0 = Debug|Any CPU
		{A0138D11-75E9-4C52-BA3A-6F8408FD8D2F}.Release|Any CPU.ActiveCfg = Release|Any CPU
		{A0138D11-75E9-4C52-BA3A-6F8408FD8D2F}.Release|Any CPU.Build.0 = Release|Any CPU
	EndGlobalSection
	GlobalSection(SolutionProperties) = preSolution
		HideSolutionNode = FALSE
	EndGlobalSection
	GlobalSection(NestedProjects) = preSolution
		{68203213-32F5-4A42-BDEB-2B55C6DE1EA7} = {2921B80E-5C37-498C-B24E-B58A50D45588}
		{D1AC3B62-2D94-42BC-BEC1-6AA2E3228292} = {4E991683-B3D0-48CF-8E61-330BFCCE7D38}
		{EA89AA88-1996-4F71-A2C3-A22393CA838B} = {A6970C05-517B-40A7-8EAE-5B0C95B3CE37}
		{5325F471-06A6-4239-9669-2F4E249681BA} = {0B4C31BB-D5CB-40F7-92E1-CEF38962A1A3}
		{1CF0885A-F071-4C02-B7E8-BCA6A897526E} = {5325F471-06A6-4239-9669-2F4E249681BA}
		{D8834DC4-7E4E-411C-8F54-B93A0633BE7C} = {5325F471-06A6-4239-9669-2F4E249681BA}
		{1A38DE4F-CABE-4F0A-8157-A1BAA121D9FF} = {5325F471-06A6-4239-9669-2F4E249681BA}
		{BD1A1D3C-234A-43CF-834B-C53E69C64F5E} = {5325F471-06A6-4239-9669-2F4E249681BA}
		{DE891BDA-4AAA-4155-B835-449E062E8053} = {1A38DE4F-CABE-4F0A-8157-A1BAA121D9FF}
		{E65EED41-9A90-42A6-A763-0844BE1C4DF7} = {D8834DC4-7E4E-411C-8F54-B93A0633BE7C}
		{4718AFF7-F92A-43BC-BF5E-852D6ED5069A} = {BD1A1D3C-234A-43CF-834B-C53E69C64F5E}
		{A0138D11-75E9-4C52-BA3A-6F8408FD8D2F} = {1CF0885A-F071-4C02-B7E8-BCA6A897526E}
	EndGlobalSection
	GlobalSection(ExtensibilityGlobals) = postSolution
		SolutionGuid = {F2D94A60-9A90-4585-9D31-09435503F6F0}
	EndGlobalSection
EndGlobal
